
Microsoft Visual Studio Solution File, Format Version 12.00
# Visual Studio Version 16
VisualStudioVersion = 16.0.30309.148
MinimumVisualStudioVersion = 10.0.40219.1
Project("{9A19103F-16F7-4668-BE54-9A1E7A4F7556}") = "MayakShop.API", "src\MayakShop.API\MayakShop.API.csproj", "{7F1D19AF-2A18-4426-B8D1-EE65CC9DAB3B}"
EndProject
Project("{9A19103F-16F7-4668-BE54-9A1E7A4F7556}") = "MayakShop.Infrastructure", "src\MayakShop.Infrastructure\MayakShop.Infrastructure.csproj", "{90A4E93A-FFC0-4572-BC88-83ACC14FA0F8}"
EndProject
Project("{9A19103F-16F7-4668-BE54-9A1E7A4F7556}") = "MayakShop.Core", "src\MayakShop.Core\MayakShop.Core.csproj", "{E8EC6EE4-9B85-4601-BE23-EAC5F596B076}"
EndProject
Global
	GlobalSection(SolutionConfigurationPlatforms) = preSolution
		Debug|Any CPU = Debug|Any CPU
		Release|Any CPU = Release|Any CPU
	EndGlobalSection
	GlobalSection(ProjectConfigurationPlatforms) = postSolution
		{7F1D19AF-2A18-4426-B8D1-EE65CC9DAB3B}.Debug|Any CPU.ActiveCfg = Debug|Any CPU
		{7F1D19AF-2A18-4426-B8D1-EE65CC9DAB3B}.Debug|Any CPU.Build.0 = Debug|Any CPU
		{7F1D19AF-2A18-4426-B8D1-EE65CC9DAB3B}.Release|Any CPU.ActiveCfg = Release|Any CPU
		{7F1D19AF-2A18-4426-B8D1-EE65CC9DAB3B}.Release|Any CPU.Build.0 = Release|Any CPU
		{90A4E93A-FFC0-4572-BC88-83ACC14FA0F8}.Debug|Any CPU.ActiveCfg = Debug|Any CPU
		{90A4E93A-FFC0-4572-BC88-83ACC14FA0F8}.Debug|Any CPU.Build.0 = Debug|Any CPU
		{90A4E93A-FFC0-4572-BC88-83ACC14FA0F8}.Release|Any CPU.ActiveCfg = Release|Any CPU
		{90A4E93A-FFC0-4572-BC88-83ACC14FA0F8}.Release|Any CPU.Build.0 = Release|Any CPU
		{E8EC6EE4-9B85-4601-BE23-EAC5F596B076}.Debug|Any CPU.ActiveCfg = Debug|Any CPU
		{E8EC6EE4-9B85-4601-BE23-EAC5F596B076}.Debug|Any CPU.Build.0 = Debug|Any CPU
		{E8EC6EE4-9B85-4601-BE23-EAC5F596B076}.Release|Any CPU.ActiveCfg = Release|Any CPU
		{E8EC6EE4-9B85-4601-BE23-EAC5F596B076}.Release|Any CPU.Build.0 = Release|Any CPU
	EndGlobalSection
	GlobalSection(SolutionProperties) = preSolution
		HideSolutionNode = FALSE
	EndGlobalSection
	GlobalSection(ExtensibilityGlobals) = postSolution
		SolutionGuid = {EA1F32F3-685D-4365-955C-DDA3B8DE924A}
	EndGlobalSection
EndGlobal
